// !$*UTF8*$!
{
	archiveVersion = 1;
	classes = {
	};
	objectVersion = 50;
	objects = {

/* Begin PBXBuildFile section */
		5B0C59A521B5B58F00A723D1 /* AppDelegate.swift in Sources */ = {isa = PBXBuildFile; fileRef = 5B0C59A421B5B58F00A723D1 /* AppDelegate.swift */; };
		5B0C59A721B5B59000A723D1 /* Assets.xcassets in Resources */ = {isa = PBXBuildFile; fileRef = 5B0C59A621B5B59000A723D1 /* Assets.xcassets */; };
		5B0C59AA21B5B59000A723D1 /* MainMenu.xib in Resources */ = {isa = PBXBuildFile; fileRef = 5B0C59A821B5B59000A723D1 /* MainMenu.xib */; };
		5B0C59B821B5B59E00A723D1 /* 3.txt in Resources */ = {isa = PBXBuildFile; fileRef = 5B0C59B521B5B59E00A723D1 /* 3.txt */; };
		5B0C59B921B5B59E00A723D1 /* 2.txt in Resources */ = {isa = PBXBuildFile; fileRef = 5B0C59B621B5B59E00A723D1 /* 2.txt */; };
		5B0C59BA21B5B59E00A723D1 /* 1.txt in Resources */ = {isa = PBXBuildFile; fileRef = 5B0C59B721B5B59E00A723D1 /* 1.txt */; };
		5B0C59BD21B5B5C200A723D1 /* Day1.swift in Sources */ = {isa = PBXBuildFile; fileRef = 5B0C59BC21B5B5C200A723D1 /* Day1.swift */; };
		5B0C59C521B5B61D00A723D1 /* AdventOfCodeTests.swift in Sources */ = {isa = PBXBuildFile; fileRef = 5B0C59C421B5B61D00A723D1 /* AdventOfCodeTests.swift */; };
		5B0C59CD21B5B65400A723D1 /* Day2.swift in Sources */ = {isa = PBXBuildFile; fileRef = 5B0C59CC21B5B65400A723D1 /* Day2.swift */; };
		5B0C59CF21B5B6D200A723D1 /* Day3.swift in Sources */ = {isa = PBXBuildFile; fileRef = 5B0C59CE21B5B6D200A723D1 /* Day3.swift */; };
		5B0C59D521B6CF4900A723D1 /* 4.txt in Resources */ = {isa = PBXBuildFile; fileRef = 5B0C59D421B6CF4900A723D1 /* 4.txt */; };
		5B0C59D721B6CF6B00A723D1 /* Day4.swift in Sources */ = {isa = PBXBuildFile; fileRef = 5B0C59D621B6CF6B00A723D1 /* Day4.swift */; };
		5B3E47FC21BB3CA4002A8E31 /* 6.txt in Resources */ = {isa = PBXBuildFile; fileRef = 5B3E47FB21BB3CA4002A8E31 /* 6.txt */; };
		5B3E47FE21BB3CAF002A8E31 /* Day6.swift in Sources */ = {isa = PBXBuildFile; fileRef = 5B3E47FD21BB3CAF002A8E31 /* Day6.swift */; };
		5BA5EA4921BAC57C00061BA7 /* Day5.swift in Sources */ = {isa = PBXBuildFile; fileRef = 5BA5EA4821BAC57C00061BA7 /* Day5.swift */; };
		5BA5EA4B21BAC5C600061BA7 /* 5.txt in Resources */ = {isa = PBXBuildFile; fileRef = 5BA5EA4A21BAC5C600061BA7 /* 5.txt */; };
/* End PBXBuildFile section */

/* Begin PBXContainerItemProxy section */
		5B0C59C721B5B61D00A723D1 /* PBXContainerItemProxy */ = {
			isa = PBXContainerItemProxy;
			containerPortal = 5B0C599921B5B58F00A723D1 /* Project object */;
			proxyType = 1;
			remoteGlobalIDString = 5B0C59A021B5B58F00A723D1;
			remoteInfo = AdventOfCode;
		};
/* End PBXContainerItemProxy section */

/* Begin PBXFileReference section */
		5B0C59A121B5B58F00A723D1 /* AdventOfCode.app */ = {isa = PBXFileReference; explicitFileType = wrapper.application; includeInIndex = 0; path = AdventOfCode.app; sourceTree = BUILT_PRODUCTS_DIR; };
		5B0C59A421B5B58F00A723D1 /* AppDelegate.swift */ = {isa = PBXFileReference; lastKnownFileType = sourcecode.swift; path = AppDelegate.swift; sourceTree = "<group>"; };
		5B0C59A621B5B59000A723D1 /* Assets.xcassets */ = {isa = PBXFileReference; lastKnownFileType = folder.assetcatalog; path = Assets.xcassets; sourceTree = "<group>"; };
		5B0C59A921B5B59000A723D1 /* Base */ = {isa = PBXFileReference; lastKnownFileType = file.xib; name = Base; path = Base.lproj/MainMenu.xib; sourceTree = "<group>"; };
		5B0C59AB21B5B59000A723D1 /* Info.plist */ = {isa = PBXFileReference; lastKnownFileType = text.plist.xml; path = Info.plist; sourceTree = "<group>"; };
		5B0C59AC21B5B59000A723D1 /* AdventOfCode.entitlements */ = {isa = PBXFileReference; lastKnownFileType = text.plist.entitlements; path = AdventOfCode.entitlements; sourceTree = "<group>"; };
		5B0C59B521B5B59E00A723D1 /* 3.txt */ = {isa = PBXFileReference; fileEncoding = 4; lastKnownFileType = text; path = 3.txt; sourceTree = "<group>"; };
		5B0C59B621B5B59E00A723D1 /* 2.txt */ = {isa = PBXFileReference; fileEncoding = 4; lastKnownFileType = text; path = 2.txt; sourceTree = "<group>"; };
		5B0C59B721B5B59E00A723D1 /* 1.txt */ = {isa = PBXFileReference; fileEncoding = 4; lastKnownFileType = text; path = 1.txt; sourceTree = "<group>"; };
		5B0C59BC21B5B5C200A723D1 /* Day1.swift */ = {isa = PBXFileReference; lastKnownFileType = sourcecode.swift; path = Day1.swift; sourceTree = "<group>"; };
		5B0C59C221B5B61D00A723D1 /* AdventOfCodeTests.xctest */ = {isa = PBXFileReference; explicitFileType = wrapper.cfbundle; includeInIndex = 0; path = AdventOfCodeTests.xctest; sourceTree = BUILT_PRODUCTS_DIR; };
		5B0C59C421B5B61D00A723D1 /* AdventOfCodeTests.swift */ = {isa = PBXFileReference; lastKnownFileType = sourcecode.swift; path = AdventOfCodeTests.swift; sourceTree = "<group>"; };
		5B0C59C621B5B61D00A723D1 /* Info.plist */ = {isa = PBXFileReference; lastKnownFileType = text.plist.xml; path = Info.plist; sourceTree = "<group>"; };
		5B0C59CC21B5B65400A723D1 /* Day2.swift */ = {isa = PBXFileReference; fileEncoding = 4; lastKnownFileType = sourcecode.swift; path = Day2.swift; sourceTree = "<group>"; };
		5B0C59CE21B5B6D200A723D1 /* Day3.swift */ = {isa = PBXFileReference; fileEncoding = 4; lastKnownFileType = sourcecode.swift; path = Day3.swift; sourceTree = "<group>"; };
		5B0C59D421B6CF4900A723D1 /* 4.txt */ = {isa = PBXFileReference; fileEncoding = 4; lastKnownFileType = text; path = 4.txt; sourceTree = "<group>"; };
		5B0C59D621B6CF6B00A723D1 /* Day4.swift */ = {isa = PBXFileReference; fileEncoding = 4; lastKnownFileType = sourcecode.swift; path = Day4.swift; sourceTree = "<group>"; };
		5B3E47FB21BB3CA4002A8E31 /* 6.txt */ = {isa = PBXFileReference; fileEncoding = 4; lastKnownFileType = text; path = 6.txt; sourceTree = "<group>"; };
		5B3E47FD21BB3CAF002A8E31 /* Day6.swift */ = {isa = PBXFileReference; fileEncoding = 4; lastKnownFileType = sourcecode.swift; path = Day6.swift; sourceTree = "<group>"; };
		5BA5EA4821BAC57C00061BA7 /* Day5.swift */ = {isa = PBXFileReference; fileEncoding = 4; lastKnownFileType = sourcecode.swift; path = Day5.swift; sourceTree = "<group>"; };
		5BA5EA4A21BAC5C600061BA7 /* 5.txt */ = {isa = PBXFileReference; fileEncoding = 4; lastKnownFileType = text; path = 5.txt; sourceTree = "<group>"; };
/* End PBXFileReference section */

/* Begin PBXFrameworksBuildPhase section */
		5B0C599E21B5B58F00A723D1 /* Frameworks */ = {
			isa = PBXFrameworksBuildPhase;
			buildActionMask = 2147483647;
			files = (
			);
			runOnlyForDeploymentPostprocessing = 0;
		};
		5B0C59BF21B5B61D00A723D1 /* Frameworks */ = {
			isa = PBXFrameworksBuildPhase;
			buildActionMask = 2147483647;
			files = (
			);
			runOnlyForDeploymentPostprocessing = 0;
		};
/* End PBXFrameworksBuildPhase section */

/* Begin PBXGroup section */
		5B0C599821B5B58F00A723D1 = {
			isa = PBXGroup;
			children = (
				5B0C59A321B5B58F00A723D1 /* AdventOfCode */,
				5B0C59C321B5B61D00A723D1 /* AdventOfCodeTests */,
				5B0C59A221B5B58F00A723D1 /* Products */,
			);
			sourceTree = "<group>";
		};
		5B0C59A221B5B58F00A723D1 /* Products */ = {
			isa = PBXGroup;
			children = (
				5B0C59A121B5B58F00A723D1 /* AdventOfCode.app */,
				5B0C59C221B5B61D00A723D1 /* AdventOfCodeTests.xctest */,
			);
			name = Products;
			sourceTree = "<group>";
		};
		5B0C59A321B5B58F00A723D1 /* AdventOfCode */ = {
			isa = PBXGroup;
			children = (
				5B0C59BB21B5B5A600A723D1 /* Challenges */,
				5B0C59B421B5B59E00A723D1 /* input */,
				5B0C59A421B5B58F00A723D1 /* AppDelegate.swift */,
				5B0C59A621B5B59000A723D1 /* Assets.xcassets */,
				5B0C59A821B5B59000A723D1 /* MainMenu.xib */,
				5B0C59AB21B5B59000A723D1 /* Info.plist */,
				5B0C59AC21B5B59000A723D1 /* AdventOfCode.entitlements */,
			);
			path = AdventOfCode;
			sourceTree = "<group>";
		};
		5B0C59B421B5B59E00A723D1 /* input */ = {
			isa = PBXGroup;
			children = (
				5B0C59B721B5B59E00A723D1 /* 1.txt */,
				5B0C59B621B5B59E00A723D1 /* 2.txt */,
				5B0C59B521B5B59E00A723D1 /* 3.txt */,
				5B0C59D421B6CF4900A723D1 /* 4.txt */,
				5BA5EA4A21BAC5C600061BA7 /* 5.txt */,
				5B3E47FB21BB3CA4002A8E31 /* 6.txt */,
			);
			path = input;
			sourceTree = "<group>";
		};
		5B0C59BB21B5B5A600A723D1 /* Challenges */ = {
			isa = PBXGroup;
			children = (
				5B0C59BC21B5B5C200A723D1 /* Day1.swift */,
				5B0C59CC21B5B65400A723D1 /* Day2.swift */,
				5B0C59CE21B5B6D200A723D1 /* Day3.swift */,
				5B0C59D621B6CF6B00A723D1 /* Day4.swift */,
				5BA5EA4821BAC57C00061BA7 /* Day5.swift */,
				5B3E47FD21BB3CAF002A8E31 /* Day6.swift */,
			);
			path = Challenges;
			sourceTree = "<group>";
		};
		5B0C59C321B5B61D00A723D1 /* AdventOfCodeTests */ = {
			isa = PBXGroup;
			children = (
				5B0C59C421B5B61D00A723D1 /* AdventOfCodeTests.swift */,
				5B0C59C621B5B61D00A723D1 /* Info.plist */,
			);
			path = AdventOfCodeTests;
			sourceTree = "<group>";
		};
/* End PBXGroup section */

/* Begin PBXNativeTarget section */
		5B0C59A021B5B58F00A723D1 /* AdventOfCode */ = {
			isa = PBXNativeTarget;
			buildConfigurationList = 5B0C59AF21B5B59000A723D1 /* Build configuration list for PBXNativeTarget "AdventOfCode" */;
			buildPhases = (
				5B0C599D21B5B58F00A723D1 /* Sources */,
				5B0C599E21B5B58F00A723D1 /* Frameworks */,
				5B0C599F21B5B58F00A723D1 /* Resources */,
			);
			buildRules = (
			);
			dependencies = (
			);
			name = AdventOfCode;
			productName = AdventOfCode;
			productReference = 5B0C59A121B5B58F00A723D1 /* AdventOfCode.app */;
			productType = "com.apple.product-type.application";
		};
		5B0C59C121B5B61D00A723D1 /* AdventOfCodeTests */ = {
			isa = PBXNativeTarget;
			buildConfigurationList = 5B0C59C921B5B61D00A723D1 /* Build configuration list for PBXNativeTarget "AdventOfCodeTests" */;
			buildPhases = (
				5B0C59BE21B5B61D00A723D1 /* Sources */,
				5B0C59BF21B5B61D00A723D1 /* Frameworks */,
				5B0C59C021B5B61D00A723D1 /* Resources */,
			);
			buildRules = (
			);
			dependencies = (
				5B0C59C821B5B61D00A723D1 /* PBXTargetDependency */,
			);
			name = AdventOfCodeTests;
			productName = AdventOfCodeTests;
			productReference = 5B0C59C221B5B61D00A723D1 /* AdventOfCodeTests.xctest */;
			productType = "com.apple.product-type.bundle.unit-test";
		};
/* End PBXNativeTarget section */

/* Begin PBXProject section */
		5B0C599921B5B58F00A723D1 /* Project object */ = {
			isa = PBXProject;
			attributes = {
				LastSwiftUpdateCheck = 1010;
				LastUpgradeCheck = 1010;
				ORGANIZATIONNAME = "Zev Eisenberg";
				TargetAttributes = {
					5B0C59A021B5B58F00A723D1 = {
						CreatedOnToolsVersion = 10.1;
					};
					5B0C59C121B5B61D00A723D1 = {
						CreatedOnToolsVersion = 10.1;
						TestTargetID = 5B0C59A021B5B58F00A723D1;
					};
				};
			};
			buildConfigurationList = 5B0C599C21B5B58F00A723D1 /* Build configuration list for PBXProject "AdventOfCode" */;
			compatibilityVersion = "Xcode 9.3";
			developmentRegion = en;
			hasScannedForEncodings = 0;
			knownRegions = (
				en,
				Base,
			);
			mainGroup = 5B0C599821B5B58F00A723D1;
			productRefGroup = 5B0C59A221B5B58F00A723D1 /* Products */;
			projectDirPath = "";
			projectRoot = "";
			targets = (
				5B0C59A021B5B58F00A723D1 /* AdventOfCode */,
				5B0C59C121B5B61D00A723D1 /* AdventOfCodeTests */,
			);
		};
/* End PBXProject section */

/* Begin PBXResourcesBuildPhase section */
		5B0C599F21B5B58F00A723D1 /* Resources */ = {
			isa = PBXResourcesBuildPhase;
			buildActionMask = 2147483647;
			files = (
				5B0C59B821B5B59E00A723D1 /* 3.txt in Resources */,
				5B3E47FC21BB3CA4002A8E31 /* 6.txt in Resources */,
				5B0C59BA21B5B59E00A723D1 /* 1.txt in Resources */,
				5B0C59B921B5B59E00A723D1 /* 2.txt in Resources */,
				5B0C59A721B5B59000A723D1 /* Assets.xcassets in Resources */,
				5BA5EA4B21BAC5C600061BA7 /* 5.txt in Resources */,
				5B0C59AA21B5B59000A723D1 /* MainMenu.xib in Resources */,
				5B0C59D521B6CF4900A723D1 /* 4.txt in Resources */,
			);
			runOnlyForDeploymentPostprocessing = 0;
		};
		5B0C59C021B5B61D00A723D1 /* Resources */ = {
			isa = PBXResourcesBuildPhase;
			buildActionMask = 2147483647;
			files = (
			);
			runOnlyForDeploymentPostprocessing = 0;
		};
/* End PBXResourcesBuildPhase section */

/* Begin PBXSourcesBuildPhase section */
		5B0C599D21B5B58F00A723D1 /* Sources */ = {
			isa = PBXSourcesBuildPhase;
			buildActionMask = 2147483647;
			files = (
				5B0C59BD21B5B5C200A723D1 /* Day1.swift in Sources */,
				5B0C59D721B6CF6B00A723D1 /* Day4.swift in Sources */,
				5B0C59CD21B5B65400A723D1 /* Day2.swift in Sources */,
				5B0C59CF21B5B6D200A723D1 /* Day3.swift in Sources */,
				5BA5EA4921BAC57C00061BA7 /* Day5.swift in Sources */,
				5B3E47FE21BB3CAF002A8E31 /* Day6.swift in Sources */,
				5B0C59A521B5B58F00A723D1 /* AppDelegate.swift in Sources */,
			);
			runOnlyForDeploymentPostprocessing = 0;
		};
		5B0C59BE21B5B61D00A723D1 /* Sources */ = {
			isa = PBXSourcesBuildPhase;
			buildActionMask = 2147483647;
			files = (
				5B0C59C521B5B61D00A723D1 /* AdventOfCodeTests.swift in Sources */,
			);
			runOnlyForDeploymentPostprocessing = 0;
		};
/* End PBXSourcesBuildPhase section */

/* Begin PBXTargetDependency section */
		5B0C59C821B5B61D00A723D1 /* PBXTargetDependency */ = {
			isa = PBXTargetDependency;
			target = 5B0C59A021B5B58F00A723D1 /* AdventOfCode */;
			targetProxy = 5B0C59C721B5B61D00A723D1 /* PBXContainerItemProxy */;
		};
/* End PBXTargetDependency section */

/* Begin PBXVariantGroup section */
		5B0C59A821B5B59000A723D1 /* MainMenu.xib */ = {
			isa = PBXVariantGroup;
			children = (
				5B0C59A921B5B59000A723D1 /* Base */,
			);
			name = MainMenu.xib;
			sourceTree = "<group>";
		};
/* End PBXVariantGroup section */

/* Begin XCBuildConfiguration section */
		5B0C59AD21B5B59000A723D1 /* Debug */ = {
			isa = XCBuildConfiguration;
			buildSettings = {
				ALWAYS_SEARCH_USER_PATHS = NO;
				CLANG_ANALYZER_NONNULL = YES;
				CLANG_ANALYZER_NUMBER_OBJECT_CONVERSION = YES_AGGRESSIVE;
				CLANG_CXX_LANGUAGE_STANDARD = "gnu++14";
				CLANG_CXX_LIBRARY = "libc++";
				CLANG_ENABLE_MODULES = YES;
				CLANG_ENABLE_OBJC_ARC = YES;
				CLANG_ENABLE_OBJC_WEAK = YES;
				CLANG_WARN_BLOCK_CAPTURE_AUTORELEASING = YES;
				CLANG_WARN_BOOL_CONVERSION = YES;
				CLANG_WARN_COMMA = YES;
				CLANG_WARN_CONSTANT_CONVERSION = YES;
				CLANG_WARN_DEPRECATED_OBJC_IMPLEMENTATIONS = YES;
				CLANG_WARN_DIRECT_OBJC_ISA_USAGE = YES_ERROR;
				CLANG_WARN_DOCUMENTATION_COMMENTS = YES;
				CLANG_WARN_EMPTY_BODY = YES;
				CLANG_WARN_ENUM_CONVERSION = YES;
				CLANG_WARN_INFINITE_RECURSION = YES;
				CLANG_WARN_INT_CONVERSION = YES;
				CLANG_WARN_NON_LITERAL_NULL_CONVERSION = YES;
				CLANG_WARN_OBJC_IMPLICIT_RETAIN_SELF = YES;
				CLANG_WARN_OBJC_LITERAL_CONVERSION = YES;
				CLANG_WARN_OBJC_ROOT_CLASS = YES_ERROR;
				CLANG_WARN_RANGE_LOOP_ANALYSIS = YES;
				CLANG_WARN_STRICT_PROTOTYPES = YES;
				CLANG_WARN_SUSPICIOUS_MOVE = YES;
				CLANG_WARN_UNGUARDED_AVAILABILITY = YES_AGGRESSIVE;
				CLANG_WARN_UNREACHABLE_CODE = YES;
				CLANG_WARN__DUPLICATE_METHOD_MATCH = YES;
				CODE_SIGN_IDENTITY = "Mac Developer";
				COPY_PHASE_STRIP = NO;
				DEBUG_INFORMATION_FORMAT = dwarf;
				ENABLE_STRICT_OBJC_MSGSEND = YES;
				ENABLE_TESTABILITY = YES;
				GCC_C_LANGUAGE_STANDARD = gnu11;
				GCC_DYNAMIC_NO_PIC = NO;
				GCC_NO_COMMON_BLOCKS = YES;
				GCC_OPTIMIZATION_LEVEL = 0;
				GCC_PREPROCESSOR_DEFINITIONS = (
					"DEBUG=1",
					"$(inherited)",
				);
				GCC_WARN_64_TO_32_BIT_CONVERSION = YES;
				GCC_WARN_ABOUT_RETURN_TYPE = YES_ERROR;
				GCC_WARN_UNDECLARED_SELECTOR = YES;
				GCC_WARN_UNINITIALIZED_AUTOS = YES_AGGRESSIVE;
				GCC_WARN_UNUSED_FUNCTION = YES;
				GCC_WARN_UNUSED_VARIABLE = YES;
				MACOSX_DEPLOYMENT_TARGET = 10.14;
				MTL_ENABLE_DEBUG_INFO = INCLUDE_SOURCE;
				MTL_FAST_MATH = YES;
				ONLY_ACTIVE_ARCH = YES;
				SDKROOT = macosx;
				SWIFT_ACTIVE_COMPILATION_CONDITIONS = DEBUG;
				SWIFT_OPTIMIZATION_LEVEL = "-Onone";
			};
			name = Debug;
		};
		5B0C59AE21B5B59000A723D1 /* Release */ = {
			isa = XCBuildConfiguration;
			buildSettings = {
				ALWAYS_SEARCH_USER_PATHS = NO;
				CLANG_ANALYZER_NONNULL = YES;
				CLANG_ANALYZER_NUMBER_OBJECT_CONVERSION = YES_AGGRESSIVE;
				CLANG_CXX_LANGUAGE_STANDARD = "gnu++14";
				CLANG_CXX_LIBRARY = "libc++";
				CLANG_ENABLE_MODULES = YES;
				CLANG_ENABLE_OBJC_ARC = YES;
				CLANG_ENABLE_OBJC_WEAK = YES;
				CLANG_WARN_BLOCK_CAPTURE_AUTORELEASING = YES;
				CLANG_WARN_BOOL_CONVERSION = YES;
				CLANG_WARN_COMMA = YES;
				CLANG_WARN_CONSTANT_CONVERSION = YES;
				CLANG_WARN_DEPRECATED_OBJC_IMPLEMENTATIONS = YES;
				CLANG_WARN_DIRECT_OBJC_ISA_USAGE = YES_ERROR;
				CLANG_WARN_DOCUMENTATION_COMMENTS = YES;
				CLANG_WARN_EMPTY_BODY = YES;
				CLANG_WARN_ENUM_CONVERSION = YES;
				CLANG_WARN_INFINITE_RECURSION = YES;
				CLANG_WARN_INT_CONVERSION = YES;
				CLANG_WARN_NON_LITERAL_NULL_CONVERSION = YES;
				CLANG_WARN_OBJC_IMPLICIT_RETAIN_SELF = YES;
				CLANG_WARN_OBJC_LITERAL_CONVERSION = YES;
				CLANG_WARN_OBJC_ROOT_CLASS = YES_ERROR;
				CLANG_WARN_RANGE_LOOP_ANALYSIS = YES;
				CLANG_WARN_STRICT_PROTOTYPES = YES;
				CLANG_WARN_SUSPICIOUS_MOVE = YES;
				CLANG_WARN_UNGUARDED_AVAILABILITY = YES_AGGRESSIVE;
				CLANG_WARN_UNREACHABLE_CODE = YES;
				CLANG_WARN__DUPLICATE_METHOD_MATCH = YES;
				CODE_SIGN_IDENTITY = "Mac Developer";
				COPY_PHASE_STRIP = NO;
				DEBUG_INFORMATION_FORMAT = "dwarf-with-dsym";
				ENABLE_NS_ASSERTIONS = NO;
				ENABLE_STRICT_OBJC_MSGSEND = YES;
				GCC_C_LANGUAGE_STANDARD = gnu11;
				GCC_NO_COMMON_BLOCKS = YES;
				GCC_WARN_64_TO_32_BIT_CONVERSION = YES;
				GCC_WARN_ABOUT_RETURN_TYPE = YES_ERROR;
				GCC_WARN_UNDECLARED_SELECTOR = YES;
				GCC_WARN_UNINITIALIZED_AUTOS = YES_AGGRESSIVE;
				GCC_WARN_UNUSED_FUNCTION = YES;
				GCC_WARN_UNUSED_VARIABLE = YES;
				MACOSX_DEPLOYMENT_TARGET = 10.14;
				MTL_ENABLE_DEBUG_INFO = NO;
				MTL_FAST_MATH = YES;
				SDKROOT = macosx;
				SWIFT_COMPILATION_MODE = wholemodule;
				SWIFT_OPTIMIZATION_LEVEL = "-O";
			};
			name = Release;
		};
		5B0C59B021B5B59000A723D1 /* Debug */ = {
			isa = XCBuildConfiguration;
			buildSettings = {
				ASSETCATALOG_COMPILER_APPICON_NAME = AppIcon;
				CODE_SIGN_ENTITLEMENTS = AdventOfCode/AdventOfCode.entitlements;
				CODE_SIGN_STYLE = Automatic;
				COMBINE_HIDPI_IMAGES = YES;
				DEVELOPMENT_TEAM = 2KJHM26Y46;
				INFOPLIST_FILE = AdventOfCode/Info.plist;
				LD_RUNPATH_SEARCH_PATHS = (
					"$(inherited)",
					"@executable_path/../Frameworks",
				);
				PRODUCT_BUNDLE_IDENTIFIER = com.zeveisenberg.AdventOfCode;
				PRODUCT_NAME = "$(TARGET_NAME)";
				SWIFT_VERSION = 4.2;
			};
			name = Debug;
		};
		5B0C59B121B5B59000A723D1 /* Release */ = {
			isa = XCBuildConfiguration;
			buildSettings = {
				ASSETCATALOG_COMPILER_APPICON_NAME = AppIcon;
				CODE_SIGN_ENTITLEMENTS = AdventOfCode/AdventOfCode.entitlements;
				CODE_SIGN_STYLE = Automatic;
				COMBINE_HIDPI_IMAGES = YES;
				DEVELOPMENT_TEAM = 2KJHM26Y46;
				INFOPLIST_FILE = AdventOfCode/Info.plist;
				LD_RUNPATH_SEARCH_PATHS = (
					"$(inherited)",
					"@executable_path/../Frameworks",
				);
				PRODUCT_BUNDLE_IDENTIFIER = com.zeveisenberg.AdventOfCode;
				PRODUCT_NAME = "$(TARGET_NAME)";
				SWIFT_VERSION = 4.2;
			};
			name = Release;
		};
		5B0C59CA21B5B61D00A723D1 /* Debug */ = {
			isa = XCBuildConfiguration;
			buildSettings = {
				BUNDLE_LOADER = "$(TEST_HOST)";
				CODE_SIGN_STYLE = Automatic;
				COMBINE_HIDPI_IMAGES = YES;
				DEVELOPMENT_TEAM = 2KJHM26Y46;
				INFOPLIST_FILE = AdventOfCodeTests/Info.plist;
				LD_RUNPATH_SEARCH_PATHS = (
					"$(inherited)",
					"@executable_path/../Frameworks",
					"@loader_path/../Frameworks",
				);
				PRODUCT_BUNDLE_IDENTIFIER = com.zeveisenberg.AdventOfCodeTests;
				PRODUCT_NAME = "$(TARGET_NAME)";
				SWIFT_VERSION = 4.2;
				TEST_HOST = "$(BUILT_PRODUCTS_DIR)/AdventOfCode.app/Contents/MacOS/AdventOfCode";
			};
			name = Debug;
		};
		5B0C59CB21B5B61D00A723D1 /* Release */ = {
			isa = XCBuildConfiguration;
			buildSettings = {
				BUNDLE_LOADER = "$(TEST_HOST)";
				CODE_SIGN_STYLE = Automatic;
				COMBINE_HIDPI_IMAGES = YES;
				DEVELOPMENT_TEAM = 2KJHM26Y46;
				INFOPLIST_FILE = AdventOfCodeTests/Info.plist;
				LD_RUNPATH_SEARCH_PATHS = (
					"$(inherited)",
					"@executable_path/../Frameworks",
					"@loader_path/../Frameworks",
				);
				PRODUCT_BUNDLE_IDENTIFIER = com.zeveisenberg.AdventOfCodeTests;
				PRODUCT_NAME = "$(TARGET_NAME)";
				SWIFT_VERSION = 4.2;
				TEST_HOST = "$(BUILT_PRODUCTS_DIR)/AdventOfCode.app/Contents/MacOS/AdventOfCode";
			};
			name = Release;
		};
/* End XCBuildConfiguration section */

/* Begin XCConfigurationList section */
		5B0C599C21B5B58F00A723D1 /* Build configuration list for PBXProject "AdventOfCode" */ = {
			isa = XCConfigurationList;
			buildConfigurations = (
				5B0C59AD21B5B59000A723D1 /* Debug */,
				5B0C59AE21B5B59000A723D1 /* Release */,
			);
			defaultConfigurationIsVisible = 0;
			defaultConfigurationName = Release;
		};
		5B0C59AF21B5B59000A723D1 /* Build configuration list for PBXNativeTarget "AdventOfCode" */ = {
			isa = XCConfigurationList;
			buildConfigurations = (
				5B0C59B021B5B59000A723D1 /* Debug */,
				5B0C59B121B5B59000A723D1 /* Release */,
			);
			defaultConfigurationIsVisible = 0;
			defaultConfigurationName = Release;
		};
		5B0C59C921B5B61D00A723D1 /* Build configuration list for PBXNativeTarget "AdventOfCodeTests" */ = {
			isa = XCConfigurationList;
			buildConfigurations = (
				5B0C59CA21B5B61D00A723D1 /* Debug */,
				5B0C59CB21B5B61D00A723D1 /* Release */,
			);
			defaultConfigurationIsVisible = 0;
			defaultConfigurationName = Release;
		};
/* End XCConfigurationList section */
	};
	rootObject = 5B0C599921B5B58F00A723D1 /* Project object */;
}
